// !$*UTF8*$!
{
	archiveVersion = 1;
	classes = {
	};
	objectVersion = 50;
	objects = {

/* Begin PBXBuildFile section */
		7777E52D95AF14DDC9BB29AA /* Pods_ParstagramUITests.framework in Frameworks */ = {isa = PBXBuildFile; fileRef = 52951A3346939FF776FFE2CC /* Pods_ParstagramUITests.framework */; };
		A995B1942224A18300132EAF /* AppDelegate.swift in Sources */ = {isa = PBXBuildFile; fileRef = A995B1932224A18300132EAF /* AppDelegate.swift */; };
		A995B1992224A18300132EAF /* Main.storyboard in Resources */ = {isa = PBXBuildFile; fileRef = A995B1972224A18300132EAF /* Main.storyboard */; };
		A995B19B2224A18400132EAF /* Assets.xcassets in Resources */ = {isa = PBXBuildFile; fileRef = A995B19A2224A18400132EAF /* Assets.xcassets */; };
		A995B19E2224A18400132EAF /* LaunchScreen.storyboard in Resources */ = {isa = PBXBuildFile; fileRef = A995B19C2224A18400132EAF /* LaunchScreen.storyboard */; };
		A995B1A92224A18400132EAF /* ParstagramTests.swift in Sources */ = {isa = PBXBuildFile; fileRef = A995B1A82224A18400132EAF /* ParstagramTests.swift */; };
		A995B1B42224A18400132EAF /* ParstagramUITests.swift in Sources */ = {isa = PBXBuildFile; fileRef = A995B1B32224A18400132EAF /* ParstagramUITests.swift */; };
		A995B2002227435E00132EAF /* LoginViewController.swift in Sources */ = {isa = PBXBuildFile; fileRef = A995B1FF2227435E00132EAF /* LoginViewController.swift */; };
		A995B20422274AB800132EAF /* CameraViewController.swift in Sources */ = {isa = PBXBuildFile; fileRef = A995B20322274AB800132EAF /* CameraViewController.swift */; };
		A995B2062227557900132EAF /* PostTableViewCell.swift in Sources */ = {isa = PBXBuildFile; fileRef = A995B2052227557900132EAF /* PostTableViewCell.swift */; };
		A99C387A222DE316008E5554 /* CommentCell.swift in Sources */ = {isa = PBXBuildFile; fileRef = A99C3879222DE316008E5554 /* CommentCell.swift */; };
		A9A59E94222CB50B0002DC23 /* FeedViewController.swift in Sources */ = {isa = PBXBuildFile; fileRef = A9A59E93222CB50B0002DC23 /* FeedViewController.swift */; };
		D162B55CE3171453DF955942 /* Pods_Parstagram.framework in Frameworks */ = {isa = PBXBuildFile; fileRef = A7B120C4818CDE81A1E8883E /* Pods_Parstagram.framework */; };
		E3BE935B5CF1830C0B5E5C97 /* Pods_ParstagramTests.framework in Frameworks */ = {isa = PBXBuildFile; fileRef = DE4421A19E539106B4307502 /* Pods_ParstagramTests.framework */; };
/* End PBXBuildFile section */

/* Begin PBXContainerItemProxy section */
		A995B1A52224A18400132EAF /* PBXContainerItemProxy */ = {
			isa = PBXContainerItemProxy;
			containerPortal = A995B1882224A18300132EAF /* Project object */;
			proxyType = 1;
			remoteGlobalIDString = A995B18F2224A18300132EAF;
			remoteInfo = Parstagram;
		};
		A995B1B02224A18400132EAF /* PBXContainerItemProxy */ = {
			isa = PBXContainerItemProxy;
			containerPortal = A995B1882224A18300132EAF /* Project object */;
			proxyType = 1;
			remoteGlobalIDString = A995B18F2224A18300132EAF;
			remoteInfo = Parstagram;
		};
/* End PBXContainerItemProxy section */

/* Begin PBXFileReference section */
		135F1CD723E78BB7CE2C4C80 /* Pods-Parstagram.debug.xcconfig */ = {isa = PBXFileReference; includeInIndex = 1; lastKnownFileType = text.xcconfig; name = "Pods-Parstagram.debug.xcconfig"; path = "Target Support Files/Pods-Parstagram/Pods-Parstagram.debug.xcconfig"; sourceTree = "<group>"; };
		1FDA193CEA18443A14AB7082 /* Pods-ParstagramUITests.debug.xcconfig */ = {isa = PBXFileReference; includeInIndex = 1; lastKnownFileType = text.xcconfig; name = "Pods-ParstagramUITests.debug.xcconfig"; path = "Target Support Files/Pods-ParstagramUITests/Pods-ParstagramUITests.debug.xcconfig"; sourceTree = "<group>"; };
		456626C7706FDCCBA86FB983 /* Pods-ParstagramUITests.release.xcconfig */ = {isa = PBXFileReference; includeInIndex = 1; lastKnownFileType = text.xcconfig; name = "Pods-ParstagramUITests.release.xcconfig"; path = "Target Support Files/Pods-ParstagramUITests/Pods-ParstagramUITests.release.xcconfig"; sourceTree = "<group>"; };
		52951A3346939FF776FFE2CC /* Pods_ParstagramUITests.framework */ = {isa = PBXFileReference; explicitFileType = wrapper.framework; includeInIndex = 0; path = Pods_ParstagramUITests.framework; sourceTree = BUILT_PRODUCTS_DIR; };
		72B1145CB1380BC6533CA4F0 /* Pods-Parstagram.release.xcconfig */ = {isa = PBXFileReference; includeInIndex = 1; lastKnownFileType = text.xcconfig; name = "Pods-Parstagram.release.xcconfig"; path = "Target Support Files/Pods-Parstagram/Pods-Parstagram.release.xcconfig"; sourceTree = "<group>"; };
		7451D5F4DCF3E50F696D5AE8 /* Pods-ParstagramTests.release.xcconfig */ = {isa = PBXFileReference; includeInIndex = 1; lastKnownFileType = text.xcconfig; name = "Pods-ParstagramTests.release.xcconfig"; path = "Target Support Files/Pods-ParstagramTests/Pods-ParstagramTests.release.xcconfig"; sourceTree = "<group>"; };
		A4A84D2AECD1F9801D0E6F56 /* Pods-ParstagramTests.debug.xcconfig */ = {isa = PBXFileReference; includeInIndex = 1; lastKnownFileType = text.xcconfig; name = "Pods-ParstagramTests.debug.xcconfig"; path = "Target Support Files/Pods-ParstagramTests/Pods-ParstagramTests.debug.xcconfig"; sourceTree = "<group>"; };
		A7B120C4818CDE81A1E8883E /* Pods_Parstagram.framework */ = {isa = PBXFileReference; explicitFileType = wrapper.framework; includeInIndex = 0; path = Pods_Parstagram.framework; sourceTree = BUILT_PRODUCTS_DIR; };
		A995B1902224A18300132EAF /* Parstagram.app */ = {isa = PBXFileReference; explicitFileType = wrapper.application; includeInIndex = 0; path = Parstagram.app; sourceTree = BUILT_PRODUCTS_DIR; };
		A995B1932224A18300132EAF /* AppDelegate.swift */ = {isa = PBXFileReference; lastKnownFileType = sourcecode.swift; path = AppDelegate.swift; sourceTree = "<group>"; };
		A995B1982224A18300132EAF /* Base */ = {isa = PBXFileReference; lastKnownFileType = file.storyboard; name = Base; path = Base.lproj/Main.storyboard; sourceTree = "<group>"; };
		A995B19A2224A18400132EAF /* Assets.xcassets */ = {isa = PBXFileReference; lastKnownFileType = folder.assetcatalog; path = Assets.xcassets; sourceTree = "<group>"; };
		A995B19D2224A18400132EAF /* Base */ = {isa = PBXFileReference; lastKnownFileType = file.storyboard; name = Base; path = Base.lproj/LaunchScreen.storyboard; sourceTree = "<group>"; };
		A995B19F2224A18400132EAF /* Info.plist */ = {isa = PBXFileReference; lastKnownFileType = text.plist.xml; path = Info.plist; sourceTree = "<group>"; };
		A995B1A42224A18400132EAF /* ParstagramTests.xctest */ = {isa = PBXFileReference; explicitFileType = wrapper.cfbundle; includeInIndex = 0; path = ParstagramTests.xctest; sourceTree = BUILT_PRODUCTS_DIR; };
		A995B1A82224A18400132EAF /* ParstagramTests.swift */ = {isa = PBXFileReference; lastKnownFileType = sourcecode.swift; path = ParstagramTests.swift; sourceTree = "<group>"; };
		A995B1AA2224A18400132EAF /* Info.plist */ = {isa = PBXFileReference; lastKnownFileType = text.plist.xml; path = Info.plist; sourceTree = "<group>"; };
		A995B1AF2224A18400132EAF /* ParstagramUITests.xctest */ = {isa = PBXFileReference; explicitFileType = wrapper.cfbundle; includeInIndex = 0; path = ParstagramUITests.xctest; sourceTree = BUILT_PRODUCTS_DIR; };
		A995B1B32224A18400132EAF /* ParstagramUITests.swift */ = {isa = PBXFileReference; lastKnownFileType = sourcecode.swift; path = ParstagramUITests.swift; sourceTree = "<group>"; };
		A995B1B52224A18400132EAF /* Info.plist */ = {isa = PBXFileReference; lastKnownFileType = text.plist.xml; path = Info.plist; sourceTree = "<group>"; };
		A995B1FF2227435E00132EAF /* LoginViewController.swift */ = {isa = PBXFileReference; lastKnownFileType = sourcecode.swift; name = LoginViewController.swift; path = /Users/itranscode/Desktop/GitHub/Parstagram/Parstagram/LoginViewController.swift; sourceTree = "<absolute>"; };
		A995B20322274AB800132EAF /* CameraViewController.swift */ = {isa = PBXFileReference; lastKnownFileType = sourcecode.swift; path = CameraViewController.swift; sourceTree = "<group>"; };
		A995B2052227557900132EAF /* PostTableViewCell.swift */ = {isa = PBXFileReference; lastKnownFileType = sourcecode.swift; path = PostTableViewCell.swift; sourceTree = "<group>"; };
		A99C3879222DE316008E5554 /* CommentCell.swift */ = {isa = PBXFileReference; lastKnownFileType = sourcecode.swift; path = CommentCell.swift; sourceTree = "<group>"; };
		A9A59E93222CB50B0002DC23 /* FeedViewController.swift */ = {isa = PBXFileReference; lastKnownFileType = sourcecode.swift; name = FeedViewController.swift; path = ../FeedViewController.swift; sourceTree = "<group>"; };
		DE4421A19E539106B4307502 /* Pods_ParstagramTests.framework */ = {isa = PBXFileReference; explicitFileType = wrapper.framework; includeInIndex = 0; path = Pods_ParstagramTests.framework; sourceTree = BUILT_PRODUCTS_DIR; };
/* End PBXFileReference section */

/* Begin PBXFrameworksBuildPhase section */
		A995B18D2224A18300132EAF /* Frameworks */ = {
			isa = PBXFrameworksBuildPhase;
			buildActionMask = 2147483647;
			files = (
				D162B55CE3171453DF955942 /* Pods_Parstagram.framework in Frameworks */,
			);
			runOnlyForDeploymentPostprocessing = 0;
		};
		A995B1A12224A18400132EAF /* Frameworks */ = {
			isa = PBXFrameworksBuildPhase;
			buildActionMask = 2147483647;
			files = (
				E3BE935B5CF1830C0B5E5C97 /* Pods_ParstagramTests.framework in Frameworks */,
			);
			runOnlyForDeploymentPostprocessing = 0;
		};
		A995B1AC2224A18400132EAF /* Frameworks */ = {
			isa = PBXFrameworksBuildPhase;
			buildActionMask = 2147483647;
			files = (
				7777E52D95AF14DDC9BB29AA /* Pods_ParstagramUITests.framework in Frameworks */,
			);
			runOnlyForDeploymentPostprocessing = 0;
		};
/* End PBXFrameworksBuildPhase section */

/* Begin PBXGroup section */
		A1787996F4B0D8EEF9921488 /* Pods */ = {
			isa = PBXGroup;
			children = (
				135F1CD723E78BB7CE2C4C80 /* Pods-Parstagram.debug.xcconfig */,
				72B1145CB1380BC6533CA4F0 /* Pods-Parstagram.release.xcconfig */,
				A4A84D2AECD1F9801D0E6F56 /* Pods-ParstagramTests.debug.xcconfig */,
				7451D5F4DCF3E50F696D5AE8 /* Pods-ParstagramTests.release.xcconfig */,
				1FDA193CEA18443A14AB7082 /* Pods-ParstagramUITests.debug.xcconfig */,
				456626C7706FDCCBA86FB983 /* Pods-ParstagramUITests.release.xcconfig */,
			);
			path = Pods;
			sourceTree = "<group>";
		};
		A995B1872224A18300132EAF = {
			isa = PBXGroup;
			children = (
				A995B1922224A18300132EAF /* Parstagram */,
				A995B1A72224A18400132EAF /* ParstagramTests */,
				A995B1B22224A18400132EAF /* ParstagramUITests */,
				A995B1912224A18300132EAF /* Products */,
				A1787996F4B0D8EEF9921488 /* Pods */,
				DB9C1D3A64D202E86490533A /* Frameworks */,
			);
			sourceTree = "<group>";
		};
		A995B1912224A18300132EAF /* Products */ = {
			isa = PBXGroup;
			children = (
				A995B1902224A18300132EAF /* Parstagram.app */,
				A995B1A42224A18400132EAF /* ParstagramTests.xctest */,
				A995B1AF2224A18400132EAF /* ParstagramUITests.xctest */,
			);
			name = Products;
			sourceTree = "<group>";
		};
		A995B1922224A18300132EAF /* Parstagram */ = {
			isa = PBXGroup;
			children = (
				A995B1FF2227435E00132EAF /* LoginViewController.swift */,
				A995B2052227557900132EAF /* PostTableViewCell.swift */,
				A995B1932224A18300132EAF /* AppDelegate.swift */,
				A995B1972224A18300132EAF /* Main.storyboard */,
				A9A59E93222CB50B0002DC23 /* FeedViewController.swift */,
				A995B20322274AB800132EAF /* CameraViewController.swift */,
				A995B19A2224A18400132EAF /* Assets.xcassets */,
				A995B19C2224A18400132EAF /* LaunchScreen.storyboard */,
				A995B19F2224A18400132EAF /* Info.plist */,
				A99C3879222DE316008E5554 /* CommentCell.swift */,
			);
			path = Parstagram;
			sourceTree = "<group>";
		};
		A995B1A72224A18400132EAF /* ParstagramTests */ = {
			isa = PBXGroup;
			children = (
				A995B1A82224A18400132EAF /* ParstagramTests.swift */,
				A995B1AA2224A18400132EAF /* Info.plist */,
			);
			path = ParstagramTests;
			sourceTree = "<group>";
		};
		A995B1B22224A18400132EAF /* ParstagramUITests */ = {
			isa = PBXGroup;
			children = (
				A995B1B32224A18400132EAF /* ParstagramUITests.swift */,
				A995B1B52224A18400132EAF /* Info.plist */,
			);
			path = ParstagramUITests;
			sourceTree = "<group>";
		};
		DB9C1D3A64D202E86490533A /* Frameworks */ = {
			isa = PBXGroup;
			children = (
				A7B120C4818CDE81A1E8883E /* Pods_Parstagram.framework */,
				DE4421A19E539106B4307502 /* Pods_ParstagramTests.framework */,
				52951A3346939FF776FFE2CC /* Pods_ParstagramUITests.framework */,
			);
			name = Frameworks;
			sourceTree = "<group>";
		};
/* End PBXGroup section */

/* Begin PBXNativeTarget section */
		A995B18F2224A18300132EAF /* Parstagram */ = {
			isa = PBXNativeTarget;
			buildConfigurationList = A995B1B82224A18400132EAF /* Build configuration list for PBXNativeTarget "Parstagram" */;
			buildPhases = (
				41AE99FE59CEEAB2210E7C02 /* [CP] Check Pods Manifest.lock */,
				A995B18C2224A18300132EAF /* Sources */,
				A995B18D2224A18300132EAF /* Frameworks */,
				A995B18E2224A18300132EAF /* Resources */,
				530F83FB9FE7917373F17838 /* [CP] Embed Pods Frameworks */,
			);
			buildRules = (
			);
			dependencies = (
			);
			name = Parstagram;
			productName = Parstagram;
			productReference = A995B1902224A18300132EAF /* Parstagram.app */;
			productType = "com.apple.product-type.application";
		};
		A995B1A32224A18400132EAF /* ParstagramTests */ = {
			isa = PBXNativeTarget;
			buildConfigurationList = A995B1BB2224A18400132EAF /* Build configuration list for PBXNativeTarget "ParstagramTests" */;
			buildPhases = (
				619003B9E79C40CC256288DE /* [CP] Check Pods Manifest.lock */,
				A995B1A02224A18400132EAF /* Sources */,
				A995B1A12224A18400132EAF /* Frameworks */,
				A995B1A22224A18400132EAF /* Resources */,
			);
			buildRules = (
			);
			dependencies = (
				A995B1A62224A18400132EAF /* PBXTargetDependency */,
			);
			name = ParstagramTests;
			productName = ParstagramTests;
			productReference = A995B1A42224A18400132EAF /* ParstagramTests.xctest */;
			productType = "com.apple.product-type.bundle.unit-test";
		};
		A995B1AE2224A18400132EAF /* ParstagramUITests */ = {
			isa = PBXNativeTarget;
			buildConfigurationList = A995B1BE2224A18400132EAF /* Build configuration list for PBXNativeTarget "ParstagramUITests" */;
			buildPhases = (
				ABF906CF6195BB55AD35B509 /* [CP] Check Pods Manifest.lock */,
				A995B1AB2224A18400132EAF /* Sources */,
				A995B1AC2224A18400132EAF /* Frameworks */,
				A995B1AD2224A18400132EAF /* Resources */,
			);
			buildRules = (
			);
			dependencies = (
				A995B1B12224A18400132EAF /* PBXTargetDependency */,
			);
			name = ParstagramUITests;
			productName = ParstagramUITests;
			productReference = A995B1AF2224A18400132EAF /* ParstagramUITests.xctest */;
			productType = "com.apple.product-type.bundle.ui-testing";
		};
/* End PBXNativeTarget section */

/* Begin PBXProject section */
		A995B1882224A18300132EAF /* Project object */ = {
			isa = PBXProject;
			attributes = {
				LastSwiftUpdateCheck = 1010;
				LastUpgradeCheck = 1010;
				ORGANIZATIONNAME = "Diana Danvers";
				TargetAttributes = {
					A995B18F2224A18300132EAF = {
						CreatedOnToolsVersion = 10.1;
					};
					A995B1A32224A18400132EAF = {
						CreatedOnToolsVersion = 10.1;
						TestTargetID = A995B18F2224A18300132EAF;
					};
					A995B1AE2224A18400132EAF = {
						CreatedOnToolsVersion = 10.1;
						TestTargetID = A995B18F2224A18300132EAF;
					};
				};
			};
			buildConfigurationList = A995B18B2224A18300132EAF /* Build configuration list for PBXProject "Parstagram" */;
			compatibilityVersion = "Xcode 9.3";
			developmentRegion = en;
			hasScannedForEncodings = 0;
			knownRegions = (
				en,
				Base,
			);
			mainGroup = A995B1872224A18300132EAF;
			productRefGroup = A995B1912224A18300132EAF /* Products */;
			projectDirPath = "";
			projectRoot = "";
			targets = (
				A995B18F2224A18300132EAF /* Parstagram */,
				A995B1A32224A18400132EAF /* ParstagramTests */,
				A995B1AE2224A18400132EAF /* ParstagramUITests */,
			);
		};
/* End PBXProject section */

/* Begin PBXResourcesBuildPhase section */
		A995B18E2224A18300132EAF /* Resources */ = {
			isa = PBXResourcesBuildPhase;
			buildActionMask = 2147483647;
			files = (
				A995B19E2224A18400132EAF /* LaunchScreen.storyboard in Resources */,
				A995B19B2224A18400132EAF /* Assets.xcassets in Resources */,
				A995B1992224A18300132EAF /* Main.storyboard in Resources */,
			);
			runOnlyForDeploymentPostprocessing = 0;
		};
		A995B1A22224A18400132EAF /* Resources */ = {
			isa = PBXResourcesBuildPhase;
			buildActionMask = 2147483647;
			files = (
			);
			runOnlyForDeploymentPostprocessing = 0;
		};
		A995B1AD2224A18400132EAF /* Resources */ = {
			isa = PBXResourcesBuildPhase;
			buildActionMask = 2147483647;
			files = (
			);
			runOnlyForDeploymentPostprocessing = 0;
		};
/* End PBXResourcesBuildPhase section */

/* Begin PBXShellScriptBuildPhase section */
		41AE99FE59CEEAB2210E7C02 /* [CP] Check Pods Manifest.lock */ = {
			isa = PBXShellScriptBuildPhase;
			buildActionMask = 2147483647;
			files = (
			);
			inputFileListPaths = (
			);
			inputPaths = (
				"${PODS_PODFILE_DIR_PATH}/Podfile.lock",
				"${PODS_ROOT}/Manifest.lock",
			);
			name = "[CP] Check Pods Manifest.lock";
			outputFileListPaths = (
			);
			outputPaths = (
				"$(DERIVED_FILE_DIR)/Pods-Parstagram-checkManifestLockResult.txt",
			);
			runOnlyForDeploymentPostprocessing = 0;
			shellPath = /bin/sh;
			shellScript = "diff \"${PODS_PODFILE_DIR_PATH}/Podfile.lock\" \"${PODS_ROOT}/Manifest.lock\" > /dev/null\nif [ $? != 0 ] ; then\n    # print error to STDERR\n    echo \"error: The sandbox is not in sync with the Podfile.lock. Run 'pod install' or update your CocoaPods installation.\" >&2\n    exit 1\nfi\n# This output is used by Xcode 'outputs' to avoid re-running this script phase.\necho \"SUCCESS\" > \"${SCRIPT_OUTPUT_FILE_0}\"\n";
			showEnvVarsInLog = 0;
		};
		530F83FB9FE7917373F17838 /* [CP] Embed Pods Frameworks */ = {
			isa = PBXShellScriptBuildPhase;
			buildActionMask = 2147483647;
			files = (
			);
			inputFileListPaths = (
			);
			inputPaths = (
				"${PODS_ROOT}/Target Support Files/Pods-Parstagram/Pods-Parstagram-frameworks.sh",
				"${BUILT_PRODUCTS_DIR}/Alamofire/Alamofire.framework",
				"${BUILT_PRODUCTS_DIR}/AlamofireImage/AlamofireImage.framework",
				"${BUILT_PRODUCTS_DIR}/Bolts/Bolts.framework",
				"${BUILT_PRODUCTS_DIR}/MessageInputBar/MessageInputBar.framework",
				"${BUILT_PRODUCTS_DIR}/Parse/Parse.framework",
			);
			name = "[CP] Embed Pods Frameworks";
			outputFileListPaths = (
			);
			outputPaths = (
				"${TARGET_BUILD_DIR}/${FRAMEWORKS_FOLDER_PATH}/Alamofire.framework",
				"${TARGET_BUILD_DIR}/${FRAMEWORKS_FOLDER_PATH}/AlamofireImage.framework",
				"${TARGET_BUILD_DIR}/${FRAMEWORKS_FOLDER_PATH}/Bolts.framework",
				"${TARGET_BUILD_DIR}/${FRAMEWORKS_FOLDER_PATH}/MessageInputBar.framework",
				"${TARGET_BUILD_DIR}/${FRAMEWORKS_FOLDER_PATH}/Parse.framework",
			);
			runOnlyForDeploymentPostprocessing = 0;
			shellPath = /bin/sh;
			shellScript = "\"${PODS_ROOT}/Target Support Files/Pods-Parstagram/Pods-Parstagram-frameworks.sh\"\n";
			showEnvVarsInLog = 0;
		};
		619003B9E79C40CC256288DE /* [CP] Check Pods Manifest.lock */ = {
			isa = PBXShellScriptBuildPhase;
			buildActionMask = 2147483647;
			files = (
			);
			inputFileListPaths = (
			);
			inputPaths = (
				"${PODS_PODFILE_DIR_PATH}/Podfile.lock",
				"${PODS_ROOT}/Manifest.lock",
			);
			name = "[CP] Check Pods Manifest.lock";
			outputFileListPaths = (
			);
			outputPaths = (
				"$(DERIVED_FILE_DIR)/Pods-ParstagramTests-checkManifestLockResult.txt",
			);
			runOnlyForDeploymentPostprocessing = 0;
			shellPath = /bin/sh;
			shellScript = "diff \"${PODS_PODFILE_DIR_PATH}/Podfile.lock\" \"${PODS_ROOT}/Manifest.lock\" > /dev/null\nif [ $? != 0 ] ; then\n    # print error to STDERR\n    echo \"error: The sandbox is not in sync with the Podfile.lock. Run 'pod install' or update your CocoaPods installation.\" >&2\n    exit 1\nfi\n# This output is used by Xcode 'outputs' to avoid re-running this script phase.\necho \"SUCCESS\" > \"${SCRIPT_OUTPUT_FILE_0}\"\n";
			showEnvVarsInLog = 0;
		};
		ABF906CF6195BB55AD35B509 /* [CP] Check Pods Manifest.lock */ = {
			isa = PBXShellScriptBuildPhase;
			buildActionMask = 2147483647;
			files = (
			);
			inputFileListPaths = (
			);
			inputPaths = (
				"${PODS_PODFILE_DIR_PATH}/Podfile.lock",
				"${PODS_ROOT}/Manifest.lock",
			);
			name = "[CP] Check Pods Manifest.lock";
			outputFileListPaths = (
			);
			outputPaths = (
				"$(DERIVED_FILE_DIR)/Pods-ParstagramUITests-checkManifestLockResult.txt",
			);
			runOnlyForDeploymentPostprocessing = 0;
			shellPath = /bin/sh;
			shellScript = "diff \"${PODS_PODFILE_DIR_PATH}/Podfile.lock\" \"${PODS_ROOT}/Manifest.lock\" > /dev/null\nif [ $? != 0 ] ; then\n    # print error to STDERR\n    echo \"error: The sandbox is not in sync with the Podfile.lock. Run 'pod install' or update your CocoaPods installation.\" >&2\n    exit 1\nfi\n# This output is used by Xcode 'outputs' to avoid re-running this script phase.\necho \"SUCCESS\" > \"${SCRIPT_OUTPUT_FILE_0}\"\n";
			showEnvVarsInLog = 0;
		};
/* End PBXShellScriptBuildPhase section */

/* Begin PBXSourcesBuildPhase section */
		A995B18C2224A18300132EAF /* Sources */ = {
			isa = PBXSourcesBuildPhase;
			buildActionMask = 2147483647;
			files = (
				A995B2002227435E00132EAF /* LoginViewController.swift in Sources */,
				A995B20422274AB800132EAF /* CameraViewController.swift in Sources */,
				A9A59E94222CB50B0002DC23 /* FeedViewController.swift in Sources */,
				A995B2062227557900132EAF /* PostTableViewCell.swift in Sources */,
				A995B1942224A18300132EAF /* AppDelegate.swift in Sources */,
				A99C387A222DE316008E5554 /* CommentCell.swift in Sources */,
			);
			runOnlyForDeploymentPostprocessing = 0;
		};
		A995B1A02224A18400132EAF /* Sources */ = {
			isa = PBXSourcesBuildPhase;
			buildActionMask = 2147483647;
			files = (
				A995B1A92224A18400132EAF /* ParstagramTests.swift in Sources */,
			);
			runOnlyForDeploymentPostprocessing = 0;
		};
		A995B1AB2224A18400132EAF /* Sources */ = {
			isa = PBXSourcesBuildPhase;
			buildActionMask = 2147483647;
			files = (
				A995B1B42224A18400132EAF /* ParstagramUITests.swift in Sources */,
			);
			runOnlyForDeploymentPostprocessing = 0;
		};
/* End PBXSourcesBuildPhase section */

/* Begin PBXTargetDependency section */
		A995B1A62224A18400132EAF /* PBXTargetDependency */ = {
			isa = PBXTargetDependency;
			target = A995B18F2224A18300132EAF /* Parstagram */;
			targetProxy = A995B1A52224A18400132EAF /* PBXContainerItemProxy */;
		};
		A995B1B12224A18400132EAF /* PBXTargetDependency */ = {
			isa = PBXTargetDependency;
			target = A995B18F2224A18300132EAF /* Parstagram */;
			targetProxy = A995B1B02224A18400132EAF /* PBXContainerItemProxy */;
		};
/* End PBXTargetDependency section */

/* Begin PBXVariantGroup section */
		A995B1972224A18300132EAF /* Main.storyboard */ = {
			isa = PBXVariantGroup;
			children = (
				A995B1982224A18300132EAF /* Base */,
			);
			name = Main.storyboard;
			sourceTree = "<group>";
		};
		A995B19C2224A18400132EAF /* LaunchScreen.storyboard */ = {
			isa = PBXVariantGroup;
			children = (
				A995B19D2224A18400132EAF /* Base */,
			);
			name = LaunchScreen.storyboard;
			sourceTree = "<group>";
		};
/* End PBXVariantGroup section */

/* Begin XCBuildConfiguration section */
		A995B1B62224A18400132EAF /* Debug */ = {
			isa = XCBuildConfiguration;
			buildSettings = {
				ALWAYS_SEARCH_USER_PATHS = NO;
				CLANG_ANALYZER_NONNULL = YES;
				CLANG_ANALYZER_NUMBER_OBJECT_CONVERSION = YES_AGGRESSIVE;
				CLANG_CXX_LANGUAGE_STANDARD = "gnu++14";
				CLANG_CXX_LIBRARY = "libc++";
				CLANG_ENABLE_MODULES = YES;
				CLANG_ENABLE_OBJC_ARC = YES;
				CLANG_ENABLE_OBJC_WEAK = YES;
				CLANG_WARN_BLOCK_CAPTURE_AUTORELEASING = YES;
				CLANG_WARN_BOOL_CONVERSION = YES;
				CLANG_WARN_COMMA = YES;
				CLANG_WARN_CONSTANT_CONVERSION = YES;
				CLANG_WARN_DEPRECATED_OBJC_IMPLEMENTATIONS = YES;
				CLANG_WARN_DIRECT_OBJC_ISA_USAGE = YES_ERROR;
				CLANG_WARN_DOCUMENTATION_COMMENTS = YES;
				CLANG_WARN_EMPTY_BODY = YES;
				CLANG_WARN_ENUM_CONVERSION = YES;
				CLANG_WARN_INFINITE_RECURSION = YES;
				CLANG_WARN_INT_CONVERSION = YES;
				CLANG_WARN_NON_LITERAL_NULL_CONVERSION = YES;
				CLANG_WARN_OBJC_IMPLICIT_RETAIN_SELF = YES;
				CLANG_WARN_OBJC_LITERAL_CONVERSION = YES;
				CLANG_WARN_OBJC_ROOT_CLASS = YES_ERROR;
				CLANG_WARN_RANGE_LOOP_ANALYSIS = YES;
				CLANG_WARN_STRICT_PROTOTYPES = YES;
				CLANG_WARN_SUSPICIOUS_MOVE = YES;
				CLANG_WARN_UNGUARDED_AVAILABILITY = YES_AGGRESSIVE;
				CLANG_WARN_UNREACHABLE_CODE = YES;
				CLANG_WARN__DUPLICATE_METHOD_MATCH = YES;
				CODE_SIGN_IDENTITY = "iPhone Developer";
				COPY_PHASE_STRIP = NO;
				DEBUG_INFORMATION_FORMAT = dwarf;
				ENABLE_STRICT_OBJC_MSGSEND = YES;
				ENABLE_TESTABILITY = YES;
				GCC_C_LANGUAGE_STANDARD = gnu11;
				GCC_DYNAMIC_NO_PIC = NO;
				GCC_NO_COMMON_BLOCKS = YES;
				GCC_OPTIMIZATION_LEVEL = 0;
				GCC_PREPROCESSOR_DEFINITIONS = (
					"DEBUG=1",
					"$(inherited)",
				);
				GCC_WARN_64_TO_32_BIT_CONVERSION = YES;
				GCC_WARN_ABOUT_RETURN_TYPE = YES_ERROR;
				GCC_WARN_UNDECLARED_SELECTOR = YES;
				GCC_WARN_UNINITIALIZED_AUTOS = YES_AGGRESSIVE;
				GCC_WARN_UNUSED_FUNCTION = YES;
				GCC_WARN_UNUSED_VARIABLE = YES;
				IPHONEOS_DEPLOYMENT_TARGET = 12.1;
				MTL_ENABLE_DEBUG_INFO = INCLUDE_SOURCE;
				MTL_FAST_MATH = YES;
				ONLY_ACTIVE_ARCH = YES;
				SDKROOT = iphoneos;
				SWIFT_ACTIVE_COMPILATION_CONDITIONS = DEBUG;
				SWIFT_OPTIMIZATION_LEVEL = "-Onone";
			};
			name = Debug;
		};
		A995B1B72224A18400132EAF /* Release */ = {
			isa = XCBuildConfiguration;
			buildSettings = {
				ALWAYS_SEARCH_USER_PATHS = NO;
				CLANG_ANALYZER_NONNULL = YES;
				CLANG_ANALYZER_NUMBER_OBJECT_CONVERSION = YES_AGGRESSIVE;
				CLANG_CXX_LANGUAGE_STANDARD = "gnu++14";
				CLANG_CXX_LIBRARY = "libc++";
				CLANG_ENABLE_MODULES = YES;
				CLANG_ENABLE_OBJC_ARC = YES;
				CLANG_ENABLE_OBJC_WEAK = YES;
				CLANG_WARN_BLOCK_CAPTURE_AUTORELEASING = YES;
				CLANG_WARN_BOOL_CONVERSION = YES;
				CLANG_WARN_COMMA = YES;
				CLANG_WARN_CONSTANT_CONVERSION = YES;
				CLANG_WARN_DEPRECATED_OBJC_IMPLEMENTATIONS = YES;
				CLANG_WARN_DIRECT_OBJC_ISA_USAGE = YES_ERROR;
				CLANG_WARN_DOCUMENTATION_COMMENTS = YES;
				CLANG_WARN_EMPTY_BODY = YES;
				CLANG_WARN_ENUM_CONVERSION = YES;
				CLANG_WARN_INFINITE_RECURSION = YES;
				CLANG_WARN_INT_CONVERSION = YES;
				CLANG_WARN_NON_LITERAL_NULL_CONVERSION = YES;
				CLANG_WARN_OBJC_IMPLICIT_RETAIN_SELF = YES;
				CLANG_WARN_OBJC_LITERAL_CONVERSION = YES;
				CLANG_WARN_OBJC_ROOT_CLASS = YES_ERROR;
				CLANG_WARN_RANGE_LOOP_ANALYSIS = YES;
				CLANG_WARN_STRICT_PROTOTYPES = YES;
				CLANG_WARN_SUSPICIOUS_MOVE = YES;
				CLANG_WARN_UNGUARDED_AVAILABILITY = YES_AGGRESSIVE;
				CLANG_WARN_UNREACHABLE_CODE = YES;
				CLANG_WARN__DUPLICATE_METHOD_MATCH = YES;
				CODE_SIGN_IDENTITY = "iPhone Developer";
				COPY_PHASE_STRIP = NO;
				DEBUG_INFORMATION_FORMAT = "dwarf-with-dsym";
				ENABLE_NS_ASSERTIONS = NO;
				ENABLE_STRICT_OBJC_MSGSEND = YES;
				GCC_C_LANGUAGE_STANDARD = gnu11;
				GCC_NO_COMMON_BLOCKS = YES;
				GCC_WARN_64_TO_32_BIT_CONVERSION = YES;
				GCC_WARN_ABOUT_RETURN_TYPE = YES_ERROR;
				GCC_WARN_UNDECLARED_SELECTOR = YES;
				GCC_WARN_UNINITIALIZED_AUTOS = YES_AGGRESSIVE;
				GCC_WARN_UNUSED_FUNCTION = YES;
				GCC_WARN_UNUSED_VARIABLE = YES;
				IPHONEOS_DEPLOYMENT_TARGET = 12.1;
				MTL_ENABLE_DEBUG_INFO = NO;
				MTL_FAST_MATH = YES;
				SDKROOT = iphoneos;
				SWIFT_COMPILATION_MODE = wholemodule;
				SWIFT_OPTIMIZATION_LEVEL = "-O";
				VALIDATE_PRODUCT = YES;
			};
			name = Release;
		};
		A995B1B92224A18400132EAF /* Debug */ = {
			isa = XCBuildConfiguration;
			baseConfigurationReference = 135F1CD723E78BB7CE2C4C80 /* Pods-Parstagram.debug.xcconfig */;
			buildSettings = {
				ASSETCATALOG_COMPILER_APPICON_NAME = AppIcon;
				CODE_SIGN_STYLE = Automatic;
				DEVELOPMENT_TEAM = S6JMTMT272;
				INFOPLIST_FILE = Parstagram/Info.plist;
				LD_RUNPATH_SEARCH_PATHS = (
					"$(inherited)",
					"@executable_path/Frameworks",
				);
				PRODUCT_BUNDLE_IDENTIFIER = iTransCode.Parstagram;
				PRODUCT_NAME = "$(TARGET_NAME)";
				SWIFT_VERSION = 4.2;
				TARGETED_DEVICE_FAMILY = "1,2";
			};
			name = Debug;
		};
		A995B1BA2224A18400132EAF /* Release */ = {
			isa = XCBuildConfiguration;
			baseConfigurationReference = 72B1145CB1380BC6533CA4F0 /* Pods-Parstagram.release.xcconfig */;
			buildSettings = {
				ASSETCATALOG_COMPILER_APPICON_NAME = AppIcon;
				CODE_SIGN_STYLE = Automatic;
				DEVELOPMENT_TEAM = S6JMTMT272;
				INFOPLIST_FILE = Parstagram/Info.plist;
				LD_RUNPATH_SEARCH_PATHS = (
					"$(inherited)",
					"@executable_path/Frameworks",
				);
				PRODUCT_BUNDLE_IDENTIFIER = iTransCode.Parstagram;
				PRODUCT_NAME = "$(TARGET_NAME)";
				SWIFT_VERSION = 4.2;
				TARGETED_DEVICE_FAMILY = "1,2";
			};
			name = Release;
		};
		A995B1BC2224A18400132EAF /* Debug */ = {
			isa = XCBuildConfiguration;
			baseConfigurationReference = A4A84D2AECD1F9801D0E6F56 /* Pods-ParstagramTests.debug.xcconfig */;
			buildSettings = {
				ALWAYS_EMBED_SWIFT_STANDARD_LIBRARIES = YES;
				BUNDLE_LOADER = "$(TEST_HOST)";
				CODE_SIGN_STYLE = Automatic;
				DEVELOPMENT_TEAM = S6JMTMT272;
				INFOPLIST_FILE = ParstagramTests/Info.plist;
				LD_RUNPATH_SEARCH_PATHS = (
					"$(inherited)",
					"@executable_path/Frameworks",
					"@loader_path/Frameworks",
				);
				PRODUCT_BUNDLE_IDENTIFIER = iTransCode.ParstagramTests;
				PRODUCT_NAME = "$(TARGET_NAME)";
				SWIFT_VERSION = 4.2;
				TARGETED_DEVICE_FAMILY = "1,2";
				TEST_HOST = "$(BUILT_PRODUCTS_DIR)/Parstagram.app/Parstagram";
			};
			name = Debug;
		};
		A995B1BD2224A18400132EAF /* Release */ = {
			isa = XCBuildConfiguration;
			baseConfigurationReference = 7451D5F4DCF3E50F696D5AE8 /* Pods-ParstagramTests.release.xcconfig */;
			buildSettings = {
				ALWAYS_EMBED_SWIFT_STANDARD_LIBRARIES = YES;
				BUNDLE_LOADER = "$(TEST_HOST)";
				CODE_SIGN_STYLE = Automatic;
				DEVELOPMENT_TEAM = S6JMTMT272;
				INFOPLIST_FILE = ParstagramTests/Info.plist;
				LD_RUNPATH_SEARCH_PATHS = (
					"$(inherited)",
					"@executable_path/Frameworks",
					"@loader_path/Frameworks",
				);
				PRODUCT_BUNDLE_IDENTIFIER = iTransCode.ParstagramTests;
				PRODUCT_NAME = "$(TARGET_NAME)";
				SWIFT_VERSION = 4.2;
				TARGETED_DEVICE_FAMILY = "1,2";
				TEST_HOST = "$(BUILT_PRODUCTS_DIR)/Parstagram.app/Parstagram";
			};
			name = Release;
		};
		A995B1BF2224A18400132EAF /* Debug */ = {
			isa = XCBuildConfiguration;
			baseConfigurationReference = 1FDA193CEA18443A14AB7082 /* Pods-ParstagramUITests.debug.xcconfig */;
			buildSettings = {
				ALWAYS_EMBED_SWIFT_STANDARD_LIBRARIES = YES;
				CODE_SIGN_STYLE = Automatic;
				DEVELOPMENT_TEAM = S6JMTMT272;
				INFOPLIST_FILE = ParstagramUITests/Info.plist;
				LD_RUNPATH_SEARCH_PATHS = (
					"$(inherited)",
					"@executable_path/Frameworks",
					"@loader_path/Frameworks",
				);
				PRODUCT_BUNDLE_IDENTIFIER = iTransCode.ParstagramUITests;
				PRODUCT_NAME = "$(TARGET_NAME)";
				SWIFT_VERSION = 4.2;
				TARGETED_DEVICE_FAMILY = "1,2";
				TEST_TARGET_NAME = Parstagram;
			};
			name = Debug;
		};
		A995B1C02224A18400132EAF /* Release */ = {
			isa = XCBuildConfiguration;
			baseConfigurationReference = 456626C7706FDCCBA86FB983 /* Pods-ParstagramUITests.release.xcconfig */;
			buildSettings = {
				ALWAYS_EMBED_SWIFT_STANDARD_LIBRARIES = YES;
				CODE_SIGN_STYLE = Automatic;
				DEVELOPMENT_TEAM = S6JMTMT272;
				INFOPLIST_FILE = ParstagramUITests/Info.plist;
				LD_RUNPATH_SEARCH_PATHS = (
					"$(inherited)",
					"@executable_path/Frameworks",
					"@loader_path/Frameworks",
				);
				PRODUCT_BUNDLE_IDENTIFIER = iTransCode.ParstagramUITests;
				PRODUCT_NAME = "$(TARGET_NAME)";
				SWIFT_VERSION = 4.2;
				TARGETED_DEVICE_FAMILY = "1,2";
				TEST_TARGET_NAME = Parstagram;
			};
			name = Release;
		};
/* End XCBuildConfiguration section */

/* Begin XCConfigurationList section */
		A995B18B2224A18300132EAF /* Build configuration list for PBXProject "Parstagram" */ = {
			isa = XCConfigurationList;
			buildConfigurations = (
				A995B1B62224A18400132EAF /* Debug */,
				A995B1B72224A18400132EAF /* Release */,
			);
			defaultConfigurationIsVisible = 0;
			defaultConfigurationName = Release;
		};
		A995B1B82224A18400132EAF /* Build configuration list for PBXNativeTarget "Parstagram" */ = {
			isa = XCConfigurationList;
			buildConfigurations = (
				A995B1B92224A18400132EAF /* Debug */,
				A995B1BA2224A18400132EAF /* Release */,
			);
			defaultConfigurationIsVisible = 0;
			defaultConfigurationName = Release;
		};
		A995B1BB2224A18400132EAF /* Build configuration list for PBXNativeTarget "ParstagramTests" */ = {
			isa = XCConfigurationList;
			buildConfigurations = (
				A995B1BC2224A18400132EAF /* Debug */,
				A995B1BD2224A18400132EAF /* Release */,
			);
			defaultConfigurationIsVisible = 0;
			defaultConfigurationName = Release;
		};
		A995B1BE2224A18400132EAF /* Build configuration list for PBXNativeTarget "ParstagramUITests" */ = {
			isa = XCConfigurationList;
			buildConfigurations = (
				A995B1BF2224A18400132EAF /* Debug */,
				A995B1C02224A18400132EAF /* Release */,
			);
			defaultConfigurationIsVisible = 0;
			defaultConfigurationName = Release;
		};
/* End XCConfigurationList section */
	};
	rootObject = A995B1882224A18300132EAF /* Project object */;
}
